
Microsoft Visual Studio Solution File, Format Version 12.00
# Visual Studio Version 17
VisualStudioVersion = 17.2.32630.192
MinimumVisualStudioVersion = 10.0.40219.1
Project("{FAE04EC0-301F-11D3-BF4B-00C04F79EFBC}") = "AssecoTest", "AssecoTest\AssecoTest.csproj", "{8A82E5CD-DA58-41C3-B518-A902DD78E28E}"
EndProject
Global
	GlobalSection(SolutionConfigurationPlatforms) = preSolution
		Debug|Any CPU = Debug|Any CPU
		Release|Any CPU = Release|Any CPU
	EndGlobalSection
	GlobalSection(ProjectConfigurationPlatforms) = postSolution
		{8A82E5CD-DA58-41C3-B518-A902DD78E28E}.Debug|Any CPU.ActiveCfg = Debug|Any CPU
		{8A82E5CD-DA58-41C3-B518-A902DD78E28E}.Debug|Any CPU.Build.0 = Debug|Any CPU
		{8A82E5CD-DA58-41C3-B518-A902DD78E28E}.Release|Any CPU.ActiveCfg = Release|Any CPU
		{8A82E5CD-DA58-41C3-B518-A902DD78E28E}.Release|Any CPU.Build.0 = Release|Any CPU
	EndGlobalSection
	GlobalSection(SolutionProperties) = preSolution
		HideSolutionNode = FALSE
	EndGlobalSection
	GlobalSection(ExtensibilityGlobals) = postSolution
		SolutionGuid = {95EACB6E-0976-4751-923B-AF6506B402E4}
	EndGlobalSection
EndGlobal
